
Microsoft Visual Studio Solution File, Format Version 12.00
# Visual Studio Version 17
VisualStudioVersion = 17.10.35027.167
MinimumVisualStudioVersion = 10.0.40219.1
Project("{2150E333-8FDC-42A3-9474-1A3956D46DE8}") = "src", "src", "{D2BDB17E-9C60-45D3-B37A-F1A083CABC0B}"
EndProject
Project("{2150E333-8FDC-42A3-9474-1A3956D46DE8}") = "test", "test", "{84D5DBD9-9197-43D7-920E-4802CCD69F6B}"
EndProject
Project("{9A19103F-16F7-4668-BE54-9A1E7A4F7556}") = "WebShop.Api", "WebShop.Api\WebShop.Api.csproj", "{A27CFA3E-8A09-4F14-9787-E5B430871A04}"
EndProject
Project("{9A19103F-16F7-4668-BE54-9A1E7A4F7556}") = "WebShop.Core", "WebShop.Core\WebShop.Core.csproj", "{1A94B5B6-7675-4FFE-9F32-3FC2B2CAC439}"
EndProject
Project("{9A19103F-16F7-4668-BE54-9A1E7A4F7556}") = "WebShop.Infraestructure", "WebShop.Infraestructure\WebShop.Infraestructure.csproj", "{45E23E80-B34D-48FA-B6AA-1D46C9C4F547}"
EndProject
Project("{54A90642-561A-4BB1-A94E-469ADEE60C69}") = "Webshop.Client", "WebShop.Client\Webshop.Client.esproj", "{46CC0276-3929-49A6-8236-5C153C4860D0}"
EndProject
Global
	GlobalSection(SolutionConfigurationPlatforms) = preSolution
		Debug|Any CPU = Debug|Any CPU
		Release|Any CPU = Release|Any CPU
	EndGlobalSection
	GlobalSection(ProjectConfigurationPlatforms) = postSolution
		{A27CFA3E-8A09-4F14-9787-E5B430871A04}.Debug|Any CPU.ActiveCfg = Debug|Any CPU
		{A27CFA3E-8A09-4F14-9787-E5B430871A04}.Debug|Any CPU.Build.0 = Debug|Any CPU
		{A27CFA3E-8A09-4F14-9787-E5B430871A04}.Release|Any CPU.ActiveCfg = Release|Any CPU
		{A27CFA3E-8A09-4F14-9787-E5B430871A04}.Release|Any CPU.Build.0 = Release|Any CPU
		{1A94B5B6-7675-4FFE-9F32-3FC2B2CAC439}.Debug|Any CPU.ActiveCfg = Debug|Any CPU
		{1A94B5B6-7675-4FFE-9F32-3FC2B2CAC439}.Debug|Any CPU.Build.0 = Debug|Any CPU
		{1A94B5B6-7675-4FFE-9F32-3FC2B2CAC439}.Release|Any CPU.ActiveCfg = Release|Any CPU
		{1A94B5B6-7675-4FFE-9F32-3FC2B2CAC439}.Release|Any CPU.Build.0 = Release|Any CPU
		{45E23E80-B34D-48FA-B6AA-1D46C9C4F547}.Debug|Any CPU.ActiveCfg = Debug|Any CPU
		{45E23E80-B34D-48FA-B6AA-1D46C9C4F547}.Debug|Any CPU.Build.0 = Debug|Any CPU
		{45E23E80-B34D-48FA-B6AA-1D46C9C4F547}.Release|Any CPU.ActiveCfg = Release|Any CPU
		{45E23E80-B34D-48FA-B6AA-1D46C9C4F547}.Release|Any CPU.Build.0 = Release|Any CPU
		{46CC0276-3929-49A6-8236-5C153C4860D0}.Debug|Any CPU.ActiveCfg = Debug|Any CPU
		{46CC0276-3929-49A6-8236-5C153C4860D0}.Debug|Any CPU.Build.0 = Debug|Any CPU
		{46CC0276-3929-49A6-8236-5C153C4860D0}.Debug|Any CPU.Deploy.0 = Debug|Any CPU
		{46CC0276-3929-49A6-8236-5C153C4860D0}.Release|Any CPU.ActiveCfg = Release|Any CPU
		{46CC0276-3929-49A6-8236-5C153C4860D0}.Release|Any CPU.Build.0 = Release|Any CPU
		{46CC0276-3929-49A6-8236-5C153C4860D0}.Release|Any CPU.Deploy.0 = Release|Any CPU
	EndGlobalSection
	GlobalSection(SolutionProperties) = preSolution
		HideSolutionNode = FALSE
	EndGlobalSection
	GlobalSection(NestedProjects) = preSolution
		{A27CFA3E-8A09-4F14-9787-E5B430871A04} = {D2BDB17E-9C60-45D3-B37A-F1A083CABC0B}
		{1A94B5B6-7675-4FFE-9F32-3FC2B2CAC439} = {D2BDB17E-9C60-45D3-B37A-F1A083CABC0B}
		{45E23E80-B34D-48FA-B6AA-1D46C9C4F547} = {D2BDB17E-9C60-45D3-B37A-F1A083CABC0B}
		{46CC0276-3929-49A6-8236-5C153C4860D0} = {D2BDB17E-9C60-45D3-B37A-F1A083CABC0B}
	EndGlobalSection
	GlobalSection(ExtensibilityGlobals) = postSolution
		SolutionGuid = {6EDB55EA-1D97-4380-B326-D43614269C0F}
	EndGlobalSection
EndGlobal
